
Microsoft Visual Studio Solution File, Format Version 12.00
# Visual Studio Version 17
VisualStudioVersion = 17.13.35825.156 d17.13
MinimumVisualStudioVersion = 10.0.40219.1
Project("{FAE04EC0-301F-11D3-BF4B-00C04F79EFBC}") = "KGA_OOPConsoleProject", "KGA_OOPConsoleProject\KGA_OOPConsoleProject.csproj", "{ECA2176F-216D-4E21-A780-0CA4D4D98D25}"
EndProject
Global
	GlobalSection(SolutionConfigurationPlatforms) = preSolution
		Debug|Any CPU = Debug|Any CPU
		Release|Any CPU = Release|Any CPU
	EndGlobalSection
	GlobalSection(ProjectConfigurationPlatforms) = postSolution
		{ECA2176F-216D-4E21-A780-0CA4D4D98D25}.Debug|Any CPU.ActiveCfg = Debug|Any CPU
		{ECA2176F-216D-4E21-A780-0CA4D4D98D25}.Debug|Any CPU.Build.0 = Debug|Any CPU
		{ECA2176F-216D-4E21-A780-0CA4D4D98D25}.Release|Any CPU.ActiveCfg = Release|Any CPU
		{ECA2176F-216D-4E21-A780-0CA4D4D98D25}.Release|Any CPU.Build.0 = Release|Any CPU
	EndGlobalSection
	GlobalSection(SolutionProperties) = preSolution
		HideSolutionNode = FALSE
	EndGlobalSection
	GlobalSection(ExtensibilityGlobals) = postSolution
		SolutionGuid = {95760C92-8D92-4FD0-9BAD-4005B6159578}
	EndGlobalSection
EndGlobal
